
Microsoft Visual Studio Solution File, Format Version 12.00
# Visual Studio Version 17
VisualStudioVersion = 17.7.34009.444
MinimumVisualStudioVersion = 10.0.40219.1
Project("{FAE04EC0-301F-11D3-BF4B-00C04F79EFBC}") = "LaBook-Planet", "LaBook-Planet\LaBook-Planet.csproj", "{56586FB3-CD19-4880-B21E-A77B1793D951}"
EndProject
Project("{FAE04EC0-301F-11D3-BF4B-00C04F79EFBC}") = "LaBook-Planet.API", "LaBook-Planet.API\LaBook-Planet.API.csproj", "{35059B7F-8BBB-418F-A028-743A3264C2F2}"
EndProject
Global
	GlobalSection(SolutionConfigurationPlatforms) = preSolution
		Debug|Any CPU = Debug|Any CPU
		Release|Any CPU = Release|Any CPU
	EndGlobalSection
	GlobalSection(ProjectConfigurationPlatforms) = postSolution
		{56586FB3-CD19-4880-B21E-A77B1793D951}.Debug|Any CPU.ActiveCfg = Debug|Any CPU
		{56586FB3-CD19-4880-B21E-A77B1793D951}.Debug|Any CPU.Build.0 = Debug|Any CPU
		{56586FB3-CD19-4880-B21E-A77B1793D951}.Release|Any CPU.ActiveCfg = Release|Any CPU
		{56586FB3-CD19-4880-B21E-A77B1793D951}.Release|Any CPU.Build.0 = Release|Any CPU
		{35059B7F-8BBB-418F-A028-743A3264C2F2}.Debug|Any CPU.ActiveCfg = Debug|Any CPU
		{35059B7F-8BBB-418F-A028-743A3264C2F2}.Debug|Any CPU.Build.0 = Debug|Any CPU
		{35059B7F-8BBB-418F-A028-743A3264C2F2}.Release|Any CPU.ActiveCfg = Release|Any CPU
		{35059B7F-8BBB-418F-A028-743A3264C2F2}.Release|Any CPU.Build.0 = Release|Any CPU
	EndGlobalSection
	GlobalSection(SolutionProperties) = preSolution
		HideSolutionNode = FALSE
	EndGlobalSection
	GlobalSection(ExtensibilityGlobals) = postSolution
		SolutionGuid = {7D3294BA-DFCF-4DAE-B2B4-64648592CFD1}
	EndGlobalSection
EndGlobal
